
Microsoft Visual Studio Solution File, Format Version 12.00
# Visual Studio 15
VisualStudioVersion = 15.0.27428.2005
MinimumVisualStudioVersion = 10.0.40219.1
Project("{FAE04EC0-301F-11D3-BF4B-00C04F79EFBC}") = "WcfImageServiceContract", "WcfImageServiceContract\WcfImageServiceContract.csproj", "{81BE3CBA-499C-4FD4-9BDB-166CF44F16D9}"
EndProject
Project("{FAE04EC0-301F-11D3-BF4B-00C04F79EFBC}") = "WcfImageServiceHost", "WcfImageServiceHost\WcfImageServiceHost.csproj", "{742A2648-6EB3-4CE1-9EE7-2C636737A69B}"
EndProject
Project("{FAE04EC0-301F-11D3-BF4B-00C04F79EFBC}") = "WcfImageServiceClient", "WcfImageServiceClient\WcfImageServiceClient.csproj", "{C1566882-9836-4B5C-8A65-CD1BC2642420}"
EndProject
Global
	GlobalSection(SolutionConfigurationPlatforms) = preSolution
		Debug|Any CPU = Debug|Any CPU
		Release|Any CPU = Release|Any CPU
	EndGlobalSection
	GlobalSection(ProjectConfigurationPlatforms) = postSolution
		{81BE3CBA-499C-4FD4-9BDB-166CF44F16D9}.Debug|Any CPU.ActiveCfg = Debug|Any CPU
		{81BE3CBA-499C-4FD4-9BDB-166CF44F16D9}.Debug|Any CPU.Build.0 = Debug|Any CPU
		{81BE3CBA-499C-4FD4-9BDB-166CF44F16D9}.Release|Any CPU.ActiveCfg = Release|Any CPU
		{81BE3CBA-499C-4FD4-9BDB-166CF44F16D9}.Release|Any CPU.Build.0 = Release|Any CPU
		{742A2648-6EB3-4CE1-9EE7-2C636737A69B}.Debug|Any CPU.ActiveCfg = Debug|Any CPU
		{742A2648-6EB3-4CE1-9EE7-2C636737A69B}.Debug|Any CPU.Build.0 = Debug|Any CPU
		{742A2648-6EB3-4CE1-9EE7-2C636737A69B}.Release|Any CPU.ActiveCfg = Release|Any CPU
		{742A2648-6EB3-4CE1-9EE7-2C636737A69B}.Release|Any CPU.Build.0 = Release|Any CPU
		{C1566882-9836-4B5C-8A65-CD1BC2642420}.Debug|Any CPU.ActiveCfg = Debug|Any CPU
		{C1566882-9836-4B5C-8A65-CD1BC2642420}.Debug|Any CPU.Build.0 = Debug|Any CPU
		{C1566882-9836-4B5C-8A65-CD1BC2642420}.Release|Any CPU.ActiveCfg = Release|Any CPU
		{C1566882-9836-4B5C-8A65-CD1BC2642420}.Release|Any CPU.Build.0 = Release|Any CPU
	EndGlobalSection
	GlobalSection(SolutionProperties) = preSolution
		HideSolutionNode = FALSE
	EndGlobalSection
	GlobalSection(ExtensibilityGlobals) = postSolution
		SolutionGuid = {450FDA73-23A2-4051-B9A2-1719CB581B51}
	EndGlobalSection
EndGlobal
